#
# This file is autogenerated by pip-compile with Python 3.13
# by the following command:
#
#    pip-compile --annotation-style=line --extra=dev --output-file=deps-dev.lock --strip-extras pyproject.toml
#
iniconfig==2.1.0          # via pytest
packaging==25.0           # via pytest
pluggy==1.5.0             # via pytest
pytest==8.3.5             # via tdd (pyproject.toml)
